{
  "name": "kafka-producer",
  "version": "1.0.0",
  "lockfileVersion": 2,
  "requires": true,
  "packages": {
    "": {
      "name": "kafka-producer",
      "version": "1.0.0",
      "license": "MIT",
      "dependencies": {
        "kafkajs": "^2.2.3"
      }
    },
    "node_modules/kafkajs": {
      "version": "2.2.3",
      "resolved": "https://registry.npmjs.org/kafkajs/-/kafkajs-2.2.3.tgz",
      "integrity": "sha512-JmzIiLHE/TdQ7b4I2B/DNMtfhTh66fmEaEg7gGkyQXBC6f1A7I2jSjeUsVIJfC8d9YcEIURyBjtOEKBO5OHVhg==",
      "engines": {
        "node": ">=14.0.0"
      }
    }
  },
  "dependencies": {
    "kafkajs": {
      "version": "2.2.3",
      "resolved": "https://registry.npmjs.org/kafkajs/-/kafkajs-2.2.3.tgz",
      "integrity": "sha512-JmzIiLHE/TdQ7b4I2B/DNMtfhTh66fmEaEg7gGkyQXBC6f1A7I2jSjeUsVIJfC8d9YcEIURyBjtOEKBO5OHVhg=="
    }
  }
}
